
Microsoft Visual Studio Solution File, Format Version 12.00
# Visual Studio Version 16
VisualStudioVersion = 16.0.28407.52
MinimumVisualStudioVersion = 10.0.40219.1
Project("{FAE04EC0-301F-11D3-BF4B-00C04F79EFBC}") = "CS7.0", "CS7.0\CS7.0.csproj", "{77B0DAAD-F095-446F-9893-C28F278D2EB0}"
EndProject
Project("{FAE04EC0-301F-11D3-BF4B-00C04F79EFBC}") = "CS7.1", "CS7.1\CS7.1.csproj", "{42EAE9ED-7361-4EB0-A78F-8529110B2F98}"
EndProject
Project("{FAE04EC0-301F-11D3-BF4B-00C04F79EFBC}") = "CS7.2", "CS7.2\CS7.2.csproj", "{C6F70226-247A-47F5-BE03-77152A1E207A}"
EndProject
Project("{FAE04EC0-301F-11D3-BF4B-00C04F79EFBC}") = "CS7.3", "CS7.3\CS7.3.csproj", "{1EB31E31-A822-4003-9251-D247D0E97578}"
EndProject
Project("{FAE04EC0-301F-11D3-BF4B-00C04F79EFBC}") = "CS8.0", "CS8.0\CS8.0.csproj", "{CA33F53E-0854-49B2-B3B3-7ECB0DAB61FF}"
EndProject
Global
	GlobalSection(SolutionConfigurationPlatforms) = preSolution
		Debug|Any CPU = Debug|Any CPU
		Release|Any CPU = Release|Any CPU
	EndGlobalSection
	GlobalSection(ProjectConfigurationPlatforms) = postSolution
		{77B0DAAD-F095-446F-9893-C28F278D2EB0}.Debug|Any CPU.ActiveCfg = Debug|Any CPU
		{77B0DAAD-F095-446F-9893-C28F278D2EB0}.Debug|Any CPU.Build.0 = Debug|Any CPU
		{77B0DAAD-F095-446F-9893-C28F278D2EB0}.Release|Any CPU.ActiveCfg = Release|Any CPU
		{77B0DAAD-F095-446F-9893-C28F278D2EB0}.Release|Any CPU.Build.0 = Release|Any CPU
		{42EAE9ED-7361-4EB0-A78F-8529110B2F98}.Debug|Any CPU.ActiveCfg = Debug|Any CPU
		{42EAE9ED-7361-4EB0-A78F-8529110B2F98}.Debug|Any CPU.Build.0 = Debug|Any CPU
		{42EAE9ED-7361-4EB0-A78F-8529110B2F98}.Release|Any CPU.ActiveCfg = Release|Any CPU
		{42EAE9ED-7361-4EB0-A78F-8529110B2F98}.Release|Any CPU.Build.0 = Release|Any CPU
		{C6F70226-247A-47F5-BE03-77152A1E207A}.Debug|Any CPU.ActiveCfg = Debug|Any CPU
		{C6F70226-247A-47F5-BE03-77152A1E207A}.Debug|Any CPU.Build.0 = Debug|Any CPU
		{C6F70226-247A-47F5-BE03-77152A1E207A}.Release|Any CPU.ActiveCfg = Release|Any CPU
		{C6F70226-247A-47F5-BE03-77152A1E207A}.Release|Any CPU.Build.0 = Release|Any CPU
		{1EB31E31-A822-4003-9251-D247D0E97578}.Debug|Any CPU.ActiveCfg = Debug|Any CPU
		{1EB31E31-A822-4003-9251-D247D0E97578}.Debug|Any CPU.Build.0 = Debug|Any CPU
		{1EB31E31-A822-4003-9251-D247D0E97578}.Release|Any CPU.ActiveCfg = Release|Any CPU
		{1EB31E31-A822-4003-9251-D247D0E97578}.Release|Any CPU.Build.0 = Release|Any CPU
		{CA33F53E-0854-49B2-B3B3-7ECB0DAB61FF}.Debug|Any CPU.ActiveCfg = Debug|Any CPU
		{CA33F53E-0854-49B2-B3B3-7ECB0DAB61FF}.Debug|Any CPU.Build.0 = Debug|Any CPU
		{CA33F53E-0854-49B2-B3B3-7ECB0DAB61FF}.Release|Any CPU.ActiveCfg = Release|Any CPU
		{CA33F53E-0854-49B2-B3B3-7ECB0DAB61FF}.Release|Any CPU.Build.0 = Release|Any CPU
	EndGlobalSection
	GlobalSection(SolutionProperties) = preSolution
		HideSolutionNode = FALSE
	EndGlobalSection
	GlobalSection(ExtensibilityGlobals) = postSolution
		SolutionGuid = {86A8A8D0-99CF-490F-BA3A-4A53127CEF61}
	EndGlobalSection
EndGlobal
